// !$*UTF8*$!
{
	archiveVersion = 1;
	classes = {
	};
	objectVersion = 46;
	objects = {

/* Begin PBXBuildFile section */
		859BBF2C1B8EFEC700C49E33 /* main.m in Sources */ = {isa = PBXBuildFile; fileRef = 859BBF2B1B8EFEC700C49E33 /* main.m */; };
		859BBF2F1B8EFEC700C49E33 /* AppDelegate.m in Sources */ = {isa = PBXBuildFile; fileRef = 859BBF2E1B8EFEC700C49E33 /* AppDelegate.m */; };
		859BBF321B8EFEC700C49E33 /* ViewController.m in Sources */ = {isa = PBXBuildFile; fileRef = 859BBF311B8EFEC700C49E33 /* ViewController.m */; };
		859BBF351B8EFEC700C49E33 /* Main.storyboard in Resources */ = {isa = PBXBuildFile; fileRef = 859BBF331B8EFEC700C49E33 /* Main.storyboard */; };
		859BBF371B8EFEC700C49E33 /* Images.xcassets in Resources */ = {isa = PBXBuildFile; fileRef = 859BBF361B8EFEC700C49E33 /* Images.xcassets */; };
		859BBF3A1B8EFEC700C49E33 /* LaunchScreen.xib in Resources */ = {isa = PBXBuildFile; fileRef = 859BBF381B8EFEC700C49E33 /* LaunchScreen.xib */; };
		859BBF461B8EFEC700C49E33 /* Demo03_UMeng_ShareTests.m in Sources */ = {isa = PBXBuildFile; fileRef = 859BBF451B8EFEC700C49E33 /* Demo03_UMeng_ShareTests.m */; };
		859BBF6B1B8EFEE700C49E33 /* UMSocialLocalizable.strings in Resources */ = {isa = PBXBuildFile; fileRef = 859BBF501B8EFEE600C49E33 /* UMSocialLocalizable.strings */; };
		859BBF6C1B8EFEE700C49E33 /* libUMSocial_Sdk_4.2.3.a in Frameworks */ = {isa = PBXBuildFile; fileRef = 859BBF5E1B8EFEE600C49E33 /* libUMSocial_Sdk_4.2.3.a */; };
		859BBF6D1B8EFEE700C49E33 /* libUMSocial_Sdk_Comment_4.2.3.a in Frameworks */ = {isa = PBXBuildFile; fileRef = 859BBF5F1B8EFEE600C49E33 /* libUMSocial_Sdk_Comment_4.2.3.a */; };
		859BBF6E1B8EFEE700C49E33 /* UMSCommentDetailController.xib in Resources */ = {isa = PBXBuildFile; fileRef = 859BBF611B8EFEE600C49E33 /* UMSCommentDetailController.xib */; };
		859BBF6F1B8EFEE700C49E33 /* UMSCommentInputController.xib in Resources */ = {isa = PBXBuildFile; fileRef = 859BBF621B8EFEE600C49E33 /* UMSCommentInputController.xib */; };
		859BBF701B8EFEE700C49E33 /* UMSCommentInputControlleriPad.xib in Resources */ = {isa = PBXBuildFile; fileRef = 859BBF631B8EFEE600C49E33 /* UMSCommentInputControlleriPad.xib */; };
		859BBF711B8EFEE700C49E33 /* UMShareEditViewController.xib in Resources */ = {isa = PBXBuildFile; fileRef = 859BBF641B8EFEE600C49E33 /* UMShareEditViewController.xib */; };
		859BBF721B8EFEE700C49E33 /* UMShareEditViewControlleriPad.xib in Resources */ = {isa = PBXBuildFile; fileRef = 859BBF651B8EFEE600C49E33 /* UMShareEditViewControlleriPad.xib */; };
		859BBF731B8EFEE700C49E33 /* UMSLoginViewController.xib in Resources */ = {isa = PBXBuildFile; fileRef = 859BBF661B8EFEE600C49E33 /* UMSLoginViewController.xib */; };
		859BBF741B8EFEE700C49E33 /* UMSnsAccountViewController.xib in Resources */ = {isa = PBXBuildFile; fileRef = 859BBF671B8EFEE600C49E33 /* UMSnsAccountViewController.xib */; };
		859BBF751B8EFEE700C49E33 /* UMSShareListController.xib in Resources */ = {isa = PBXBuildFile; fileRef = 859BBF681B8EFEE600C49E33 /* UMSShareListController.xib */; };
		859BBF761B8EFEE700C49E33 /* UMSocialSDKResourcesNew.bundle in Resources */ = {isa = PBXBuildFile; fileRef = 859BBF691B8EFEE600C49E33 /* UMSocialSDKResourcesNew.bundle */; };
		859BBF781B8EFF9800C49E33 /* icon40.png in Resources */ = {isa = PBXBuildFile; fileRef = 859BBF771B8EFF9800C49E33 /* icon40.png */; };
		859BBF7A1B8F008300C49E33 /* SystemConfiguration.framework in Frameworks */ = {isa = PBXBuildFile; fileRef = 859BBF791B8F008300C49E33 /* SystemConfiguration.framework */; };
/* End PBXBuildFile section */

/* Begin PBXContainerItemProxy section */
		859BBF401B8EFEC700C49E33 /* PBXContainerItemProxy */ = {
			isa = PBXContainerItemProxy;
			containerPortal = 859BBF1E1B8EFEC700C49E33 /* Project object */;
			proxyType = 1;
			remoteGlobalIDString = 859BBF251B8EFEC700C49E33;
			remoteInfo = Demo03_UMeng_Share;
		};
/* End PBXContainerItemProxy section */

/* Begin PBXFileReference section */
		859BBF261B8EFEC700C49E33 /* Demo03_UMeng_Share.app */ = {isa = PBXFileReference; explicitFileType = wrapper.application; includeInIndex = 0; path = Demo03_UMeng_Share.app; sourceTree = BUILT_PRODUCTS_DIR; };
		859BBF2A1B8EFEC700C49E33 /* Info.plist */ = {isa = PBXFileReference; lastKnownFileType = text.plist.xml; path = Info.plist; sourceTree = "<group>"; };
		859BBF2B1B8EFEC700C49E33 /* main.m */ = {isa = PBXFileReference; lastKnownFileType = sourcecode.c.objc; path = main.m; sourceTree = "<group>"; };
		859BBF2D1B8EFEC700C49E33 /* AppDelegate.h */ = {isa = PBXFileReference; lastKnownFileType = sourcecode.c.h; path = AppDelegate.h; sourceTree = "<group>"; };
		859BBF2E1B8EFEC700C49E33 /* AppDelegate.m */ = {isa = PBXFileReference; lastKnownFileType = sourcecode.c.objc; path = AppDelegate.m; sourceTree = "<group>"; };
		859BBF301B8EFEC700C49E33 /* ViewController.h */ = {isa = PBXFileReference; lastKnownFileType = sourcecode.c.h; path = ViewController.h; sourceTree = "<group>"; };
		859BBF311B8EFEC700C49E33 /* ViewController.m */ = {isa = PBXFileReference; lastKnownFileType = sourcecode.c.objc; path = ViewController.m; sourceTree = "<group>"; };
		859BBF341B8EFEC700C49E33 /* Base */ = {isa = PBXFileReference; lastKnownFileType = file.storyboard; name = Base; path = Base.lproj/Main.storyboard; sourceTree = "<group>"; };
		859BBF361B8EFEC700C49E33 /* Images.xcassets */ = {isa = PBXFileReference; lastKnownFileType = folder.assetcatalog; path = Images.xcassets; sourceTree = "<group>"; };
		859BBF391B8EFEC700C49E33 /* Base */ = {isa = PBXFileReference; lastKnownFileType = file.xib; name = Base; path = Base.lproj/LaunchScreen.xib; sourceTree = "<group>"; };
		859BBF3F1B8EFEC700C49E33 /* Demo03_UMeng_ShareTests.xctest */ = {isa = PBXFileReference; explicitFileType = wrapper.cfbundle; includeInIndex = 0; path = Demo03_UMeng_ShareTests.xctest; sourceTree = BUILT_PRODUCTS_DIR; };
		859BBF441B8EFEC700C49E33 /* Info.plist */ = {isa = PBXFileReference; lastKnownFileType = text.plist.xml; path = Info.plist; sourceTree = "<group>"; };
		859BBF451B8EFEC700C49E33 /* Demo03_UMeng_ShareTests.m */ = {isa = PBXFileReference; lastKnownFileType = sourcecode.c.objc; path = Demo03_UMeng_ShareTests.m; sourceTree = "<group>"; };
		859BBF511B8EFEE600C49E33 /* en */ = {isa = PBXFileReference; lastKnownFileType = text.plist.strings; name = en; path = en.lproj/UMSocialLocalizable.strings; sourceTree = "<group>"; };
		859BBF531B8EFEE600C49E33 /* UMSocial.h */ = {isa = PBXFileReference; fileEncoding = 4; lastKnownFileType = sourcecode.c.h; path = UMSocial.h; sourceTree = "<group>"; };
		859BBF541B8EFEE600C49E33 /* UMSocialAccountManager.h */ = {isa = PBXFileReference; fileEncoding = 4; lastKnownFileType = sourcecode.c.h; path = UMSocialAccountManager.h; sourceTree = "<group>"; };
		859BBF551B8EFEE600C49E33 /* UMSocialBar.h */ = {isa = PBXFileReference; fileEncoding = 4; lastKnownFileType = sourcecode.c.h; path = UMSocialBar.h; sourceTree = "<group>"; };
		859BBF561B8EFEE600C49E33 /* UMSocialConfig.h */ = {isa = PBXFileReference; fileEncoding = 4; lastKnownFileType = sourcecode.c.h; path = UMSocialConfig.h; sourceTree = "<group>"; };
		859BBF571B8EFEE600C49E33 /* UMSocialControllerService.h */ = {isa = PBXFileReference; fileEncoding = 4; lastKnownFileType = sourcecode.c.h; path = UMSocialControllerService.h; sourceTree = "<group>"; };
		859BBF581B8EFEE600C49E33 /* UMSocialControllerServiceComment.h */ = {isa = PBXFileReference; fileEncoding = 4; lastKnownFileType = sourcecode.c.h; path = UMSocialControllerServiceComment.h; sourceTree = "<group>"; };
		859BBF591B8EFEE600C49E33 /* UMSocialData.h */ = {isa = PBXFileReference; fileEncoding = 4; lastKnownFileType = sourcecode.c.h; path = UMSocialData.h; sourceTree = "<group>"; };
		859BBF5A1B8EFEE600C49E33 /* UMSocialDataService.h */ = {isa = PBXFileReference; fileEncoding = 4; lastKnownFileType = sourcecode.c.h; path = UMSocialDataService.h; sourceTree = "<group>"; };
		859BBF5B1B8EFEE600C49E33 /* UMSocialSnsData.h */ = {isa = PBXFileReference; fileEncoding = 4; lastKnownFileType = sourcecode.c.h; path = UMSocialSnsData.h; sourceTree = "<group>"; };
		859BBF5C1B8EFEE600C49E33 /* UMSocialSnsPlatformManager.h */ = {isa = PBXFileReference; fileEncoding = 4; lastKnownFileType = sourcecode.c.h; path = UMSocialSnsPlatformManager.h; sourceTree = "<group>"; };
		859BBF5D1B8EFEE600C49E33 /* UMSocialSnsService.h */ = {isa = PBXFileReference; fileEncoding = 4; lastKnownFileType = sourcecode.c.h; path = UMSocialSnsService.h; sourceTree = "<group>"; };
		859BBF5E1B8EFEE600C49E33 /* libUMSocial_Sdk_4.2.3.a */ = {isa = PBXFileReference; lastKnownFileType = archive.ar; path = libUMSocial_Sdk_4.2.3.a; sourceTree = "<group>"; };
		859BBF5F1B8EFEE600C49E33 /* libUMSocial_Sdk_Comment_4.2.3.a */ = {isa = PBXFileReference; lastKnownFileType = archive.ar; path = libUMSocial_Sdk_Comment_4.2.3.a; sourceTree = "<group>"; };
		859BBF611B8EFEE600C49E33 /* UMSCommentDetailController.xib */ = {isa = PBXFileReference; fileEncoding = 4; lastKnownFileType = file.xib; path = UMSCommentDetailController.xib; sourceTree = "<group>"; };
		859BBF621B8EFEE600C49E33 /* UMSCommentInputController.xib */ = {isa = PBXFileReference; fileEncoding = 4; lastKnownFileType = file.xib; path = UMSCommentInputController.xib; sourceTree = "<group>"; };
		859BBF631B8EFEE600C49E33 /* UMSCommentInputControlleriPad.xib */ = {isa = PBXFileReference; fileEncoding = 4; lastKnownFileType = file.xib; path = UMSCommentInputControlleriPad.xib; sourceTree = "<group>"; };
		859BBF641B8EFEE600C49E33 /* UMShareEditViewController.xib */ = {isa = PBXFileReference; fileEncoding = 4; lastKnownFileType = file.xib; path = UMShareEditViewController.xib; sourceTree = "<group>"; };
		859BBF651B8EFEE600C49E33 /* UMShareEditViewControlleriPad.xib */ = {isa = PBXFileReference; fileEncoding = 4; lastKnownFileType = file.xib; path = UMShareEditViewControlleriPad.xib; sourceTree = "<group>"; };
		859BBF661B8EFEE600C49E33 /* UMSLoginViewController.xib */ = {isa = PBXFileReference; fileEncoding = 4; lastKnownFileType = file.xib; path = UMSLoginViewController.xib; sourceTree = "<group>"; };
		859BBF671B8EFEE600C49E33 /* UMSnsAccountViewController.xib */ = {isa = PBXFileReference; fileEncoding = 4; lastKnownFileType = file.xib; path = UMSnsAccountViewController.xib; sourceTree = "<group>"; };
		859BBF681B8EFEE600C49E33 /* UMSShareListController.xib */ = {isa = PBXFileReference; fileEncoding = 4; lastKnownFileType = file.xib; path = UMSShareListController.xib; sourceTree = "<group>"; };
		859BBF691B8EFEE600C49E33 /* UMSocialSDKResourcesNew.bundle */ = {isa = PBXFileReference; lastKnownFileType = "wrapper.plug-in"; path = UMSocialSDKResourcesNew.bundle; sourceTree = "<group>"; };
		859BBF6A1B8EFEE700C49E33 /* zh-Hans */ = {isa = PBXFileReference; lastKnownFileType = text.plist.strings; name = "zh-Hans"; path = "zh-Hans.lproj/UMSocialLocalizable.strings"; sourceTree = "<group>"; };
		859BBF771B8EFF9800C49E33 /* icon40.png */ = {isa = PBXFileReference; lastKnownFileType = image.png; path = icon40.png; sourceTree = "<group>"; };
		859BBF791B8F008300C49E33 /* SystemConfiguration.framework */ = {isa = PBXFileReference; lastKnownFileType = wrapper.framework; name = SystemConfiguration.framework; path = System/Library/Frameworks/SystemConfiguration.framework; sourceTree = SDKROOT; };
/* End PBXFileReference section */

/* Begin PBXFrameworksBuildPhase section */
		859BBF231B8EFEC700C49E33 /* Frameworks */ = {
			isa = PBXFrameworksBuildPhase;
			buildActionMask = 2147483647;
			files = (
				859BBF7A1B8F008300C49E33 /* SystemConfiguration.framework in Frameworks */,
				859BBF6C1B8EFEE700C49E33 /* libUMSocial_Sdk_4.2.3.a in Frameworks */,
				859BBF6D1B8EFEE700C49E33 /* libUMSocial_Sdk_Comment_4.2.3.a in Frameworks */,
			);
			runOnlyForDeploymentPostprocessing = 0;
		};
		859BBF3C1B8EFEC700C49E33 /* Frameworks */ = {
			isa = PBXFrameworksBuildPhase;
			buildActionMask = 2147483647;
			files = (
			);
			runOnlyForDeploymentPostprocessing = 0;
		};
/* End PBXFrameworksBuildPhase section */

/* Begin PBXGroup section */
		859BBF1D1B8EFEC700C49E33 = {
			isa = PBXGroup;
			children = (
				859BBF791B8F008300C49E33 /* SystemConfiguration.framework */,
				859BBF281B8EFEC700C49E33 /* Demo03_UMeng_Share */,
				859BBF421B8EFEC700C49E33 /* Demo03_UMeng_ShareTests */,
				859BBF271B8EFEC700C49E33 /* Products */,
			);
			sourceTree = "<group>";
		};
		859BBF271B8EFEC700C49E33 /* Products */ = {
			isa = PBXGroup;
			children = (
				859BBF261B8EFEC700C49E33 /* Demo03_UMeng_Share.app */,
				859BBF3F1B8EFEC700C49E33 /* Demo03_UMeng_ShareTests.xctest */,
			);
			name = Products;
			sourceTree = "<group>";
		};
		859BBF281B8EFEC700C49E33 /* Demo03_UMeng_Share */ = {
			isa = PBXGroup;
			children = (
				859BBF4F1B8EFEE600C49E33 /* UMSocial_Sdk_4.2.3 */,
				859BBF2D1B8EFEC700C49E33 /* AppDelegate.h */,
				859BBF771B8EFF9800C49E33 /* icon40.png */,
				859BBF2E1B8EFEC700C49E33 /* AppDelegate.m */,
				859BBF301B8EFEC700C49E33 /* ViewController.h */,
				859BBF311B8EFEC700C49E33 /* ViewController.m */,
				859BBF331B8EFEC700C49E33 /* Main.storyboard */,
				859BBF361B8EFEC700C49E33 /* Images.xcassets */,
				859BBF381B8EFEC700C49E33 /* LaunchScreen.xib */,
				859BBF291B8EFEC700C49E33 /* Supporting Files */,
			);
			path = Demo03_UMeng_Share;
			sourceTree = "<group>";
		};
		859BBF291B8EFEC700C49E33 /* Supporting Files */ = {
			isa = PBXGroup;
			children = (
				859BBF2A1B8EFEC700C49E33 /* Info.plist */,
				859BBF2B1B8EFEC700C49E33 /* main.m */,
			);
			name = "Supporting Files";
			sourceTree = "<group>";
		};
		859BBF421B8EFEC700C49E33 /* Demo03_UMeng_ShareTests */ = {
			isa = PBXGroup;
			children = (
				859BBF451B8EFEC700C49E33 /* Demo03_UMeng_ShareTests.m */,
				859BBF431B8EFEC700C49E33 /* Supporting Files */,
			);
			path = Demo03_UMeng_ShareTests;
			sourceTree = "<group>";
		};
		859BBF431B8EFEC700C49E33 /* Supporting Files */ = {
			isa = PBXGroup;
			children = (
				859BBF441B8EFEC700C49E33 /* Info.plist */,
			);
			name = "Supporting Files";
			sourceTree = "<group>";
		};
		859BBF4F1B8EFEE600C49E33 /* UMSocial_Sdk_4.2.3 */ = {
			isa = PBXGroup;
			children = (
				859BBF501B8EFEE600C49E33 /* UMSocialLocalizable.strings */,
				859BBF521B8EFEE600C49E33 /* Header */,
				859BBF5E1B8EFEE600C49E33 /* libUMSocial_Sdk_4.2.3.a */,
				859BBF5F1B8EFEE600C49E33 /* libUMSocial_Sdk_Comment_4.2.3.a */,
				859BBF601B8EFEE600C49E33 /* SocialSDKXib */,
				859BBF691B8EFEE600C49E33 /* UMSocialSDKResourcesNew.bundle */,
			);
			path = UMSocial_Sdk_4.2.3;
			sourceTree = "<group>";
		};
		859BBF521B8EFEE600C49E33 /* Header */ = {
			isa = PBXGroup;
			children = (
				859BBF531B8EFEE600C49E33 /* UMSocial.h */,
				859BBF541B8EFEE600C49E33 /* UMSocialAccountManager.h */,
				859BBF551B8EFEE600C49E33 /* UMSocialBar.h */,
				859BBF561B8EFEE600C49E33 /* UMSocialConfig.h */,
				859BBF571B8EFEE600C49E33 /* UMSocialControllerService.h */,
				859BBF581B8EFEE600C49E33 /* UMSocialControllerServiceComment.h */,
				859BBF591B8EFEE600C49E33 /* UMSocialData.h */,
				859BBF5A1B8EFEE600C49E33 /* UMSocialDataService.h */,
				859BBF5B1B8EFEE600C49E33 /* UMSocialSnsData.h */,
				859BBF5C1B8EFEE600C49E33 /* UMSocialSnsPlatformManager.h */,
				859BBF5D1B8EFEE600C49E33 /* UMSocialSnsService.h */,
			);
			path = Header;
			sourceTree = "<group>";
		};
		859BBF601B8EFEE600C49E33 /* SocialSDKXib */ = {
			isa = PBXGroup;
			children = (
				859BBF611B8EFEE600C49E33 /* UMSCommentDetailController.xib */,
				859BBF621B8EFEE600C49E33 /* UMSCommentInputController.xib */,
				859BBF631B8EFEE600C49E33 /* UMSCommentInputControlleriPad.xib */,
				859BBF641B8EFEE600C49E33 /* UMShareEditViewController.xib */,
				859BBF651B8EFEE600C49E33 /* UMShareEditViewControlleriPad.xib */,
				859BBF661B8EFEE600C49E33 /* UMSLoginViewController.xib */,
				859BBF671B8EFEE600C49E33 /* UMSnsAccountViewController.xib */,
				859BBF681B8EFEE600C49E33 /* UMSShareListController.xib */,
			);
			path = SocialSDKXib;
			sourceTree = "<group>";
		};
/* End PBXGroup section */

/* Begin PBXNativeTarget section */
		859BBF251B8EFEC700C49E33 /* Demo03_UMeng_Share */ = {
			isa = PBXNativeTarget;
			buildConfigurationList = 859BBF491B8EFEC700C49E33 /* Build configuration list for PBXNativeTarget "Demo03_UMeng_Share" */;
			buildPhases = (
				859BBF221B8EFEC700C49E33 /* Sources */,
				859BBF231B8EFEC700C49E33 /* Frameworks */,
				859BBF241B8EFEC700C49E33 /* Resources */,
			);
			buildRules = (
			);
			dependencies = (
			);
			name = Demo03_UMeng_Share;
			productName = Demo03_UMeng_Share;
			productReference = 859BBF261B8EFEC700C49E33 /* Demo03_UMeng_Share.app */;
			productType = "com.apple.product-type.application";
		};
		859BBF3E1B8EFEC700C49E33 /* Demo03_UMeng_ShareTests */ = {
			isa = PBXNativeTarget;
			buildConfigurationList = 859BBF4C1B8EFEC700C49E33 /* Build configuration list for PBXNativeTarget "Demo03_UMeng_ShareTests" */;
			buildPhases = (
				859BBF3B1B8EFEC700C49E33 /* Sources */,
				859BBF3C1B8EFEC700C49E33 /* Frameworks */,
				859BBF3D1B8EFEC700C49E33 /* Resources */,
			);
			buildRules = (
			);
			dependencies = (
				859BBF411B8EFEC700C49E33 /* PBXTargetDependency */,
			);
			name = Demo03_UMeng_ShareTests;
			productName = Demo03_UMeng_ShareTests;
			productReference = 859BBF3F1B8EFEC700C49E33 /* Demo03_UMeng_ShareTests.xctest */;
			productType = "com.apple.product-type.bundle.unit-test";
		};
/* End PBXNativeTarget section */

/* Begin PBXProject section */
		859BBF1E1B8EFEC700C49E33 /* Project object */ = {
			isa = PBXProject;
			attributes = {
				LastUpgradeCheck = 0610;
				ORGANIZATIONNAME = tarena;
				TargetAttributes = {
					859BBF251B8EFEC700C49E33 = {
						CreatedOnToolsVersion = 6.1;
					};
					859BBF3E1B8EFEC700C49E33 = {
						CreatedOnToolsVersion = 6.1;
						TestTargetID = 859BBF251B8EFEC700C49E33;
					};
				};
			};
			buildConfigurationList = 859BBF211B8EFEC700C49E33 /* Build configuration list for PBXProject "Demo03_UMeng_Share" */;
			compatibilityVersion = "Xcode 3.2";
			developmentRegion = English;
			hasScannedForEncodings = 0;
			knownRegions = (
				en,
				Base,
				"zh-Hans",
			);
			mainGroup = 859BBF1D1B8EFEC700C49E33;
			productRefGroup = 859BBF271B8EFEC700C49E33 /* Products */;
			projectDirPath = "";
			projectRoot = "";
			targets = (
				859BBF251B8EFEC700C49E33 /* Demo03_UMeng_Share */,
				859BBF3E1B8EFEC700C49E33 /* Demo03_UMeng_ShareTests */,
			);
		};
/* End PBXProject section */

/* Begin PBXResourcesBuildPhase section */
		859BBF241B8EFEC700C49E33 /* Resources */ = {
			isa = PBXResourcesBuildPhase;
			buildActionMask = 2147483647;
			files = (
				859BBF711B8EFEE700C49E33 /* UMShareEditViewController.xib in Resources */,
				859BBF6F1B8EFEE700C49E33 /* UMSCommentInputController.xib in Resources */,
				859BBF351B8EFEC700C49E33 /* Main.storyboard in Resources */,
				859BBF6E1B8EFEE700C49E33 /* UMSCommentDetailController.xib in Resources */,
				859BBF731B8EFEE700C49E33 /* UMSLoginViewController.xib in Resources */,
				859BBF701B8EFEE700C49E33 /* UMSCommentInputControlleriPad.xib in Resources */,
				859BBF781B8EFF9800C49E33 /* icon40.png in Resources */,
				859BBF721B8EFEE700C49E33 /* UMShareEditViewControlleriPad.xib in Resources */,
				859BBF3A1B8EFEC700C49E33 /* LaunchScreen.xib in Resources */,
				859BBF6B1B8EFEE700C49E33 /* UMSocialLocalizable.strings in Resources */,
				859BBF371B8EFEC700C49E33 /* Images.xcassets in Resources */,
				859BBF741B8EFEE700C49E33 /* UMSnsAccountViewController.xib in Resources */,
				859BBF751B8EFEE700C49E33 /* UMSShareListController.xib in Resources */,
				859BBF761B8EFEE700C49E33 /* UMSocialSDKResourcesNew.bundle in Resources */,
			);
			runOnlyForDeploymentPostprocessing = 0;
		};
		859BBF3D1B8EFEC700C49E33 /* Resources */ = {
			isa = PBXResourcesBuildPhase;
			buildActionMask = 2147483647;
			files = (
			);
			runOnlyForDeploymentPostprocessing = 0;
		};
/* End PBXResourcesBuildPhase section */

/* Begin PBXSourcesBuildPhase section */
		859BBF221B8EFEC700C49E33 /* Sources */ = {
			isa = PBXSourcesBuildPhase;
			buildActionMask = 2147483647;
			files = (
				859BBF321B8EFEC700C49E33 /* ViewController.m in Sources */,
				859BBF2F1B8EFEC700C49E33 /* AppDelegate.m in Sources */,
				859BBF2C1B8EFEC700C49E33 /* main.m in Sources */,
			);
			runOnlyForDeploymentPostprocessing = 0;
		};
		859BBF3B1B8EFEC700C49E33 /* Sources */ = {
			isa = PBXSourcesBuildPhase;
			buildActionMask = 2147483647;
			files = (
				859BBF461B8EFEC700C49E33 /* Demo03_UMeng_ShareTests.m in Sources */,
			);
			runOnlyForDeploymentPostprocessing = 0;
		};
/* End PBXSourcesBuildPhase section */

/* Begin PBXTargetDependency section */
		859BBF411B8EFEC700C49E33 /* PBXTargetDependency */ = {
			isa = PBXTargetDependency;
			target = 859BBF251B8EFEC700C49E33 /* Demo03_UMeng_Share */;
			targetProxy = 859BBF401B8EFEC700C49E33 /* PBXContainerItemProxy */;
		};
/* End PBXTargetDependency section */

/* Begin PBXVariantGroup section */
		859BBF331B8EFEC700C49E33 /* Main.storyboard */ = {
			isa = PBXVariantGroup;
			children = (
				859BBF341B8EFEC700C49E33 /* Base */,
			);
			name = Main.storyboard;
			sourceTree = "<group>";
		};
		859BBF381B8EFEC700C49E33 /* LaunchScreen.xib */ = {
			isa = PBXVariantGroup;
			children = (
				859BBF391B8EFEC700C49E33 /* Base */,
			);
			name = LaunchScreen.xib;
			sourceTree = "<group>";
		};
		859BBF501B8EFEE600C49E33 /* UMSocialLocalizable.strings */ = {
			isa = PBXVariantGroup;
			children = (
				859BBF511B8EFEE600C49E33 /* en */,
				859BBF6A1B8EFEE700C49E33 /* zh-Hans */,
			);
			name = UMSocialLocalizable.strings;
			sourceTree = "<group>";
		};
/* End PBXVariantGroup section */

/* Begin XCBuildConfiguration section */
		859BBF471B8EFEC700C49E33 /* Debug */ = {
			isa = XCBuildConfiguration;
			buildSettings = {
				ALWAYS_SEARCH_USER_PATHS = NO;
				CLANG_CXX_LANGUAGE_STANDARD = "gnu++0x";
				CLANG_CXX_LIBRARY = "libc++";
				CLANG_ENABLE_MODULES = YES;
				CLANG_ENABLE_OBJC_ARC = YES;
				CLANG_WARN_BOOL_CONVERSION = YES;
				CLANG_WARN_CONSTANT_CONVERSION = YES;
				CLANG_WARN_DIRECT_OBJC_ISA_USAGE = YES_ERROR;
				CLANG_WARN_EMPTY_BODY = YES;
				CLANG_WARN_ENUM_CONVERSION = YES;
				CLANG_WARN_INT_CONVERSION = YES;
				CLANG_WARN_OBJC_ROOT_CLASS = YES_ERROR;
				CLANG_WARN_UNREACHABLE_CODE = YES;
				CLANG_WARN__DUPLICATE_METHOD_MATCH = YES;
				"CODE_SIGN_IDENTITY[sdk=iphoneos*]" = "iPhone Developer";
				COPY_PHASE_STRIP = NO;
				ENABLE_STRICT_OBJC_MSGSEND = YES;
				GCC_C_LANGUAGE_STANDARD = gnu99;
				GCC_DYNAMIC_NO_PIC = NO;
				GCC_OPTIMIZATION_LEVEL = 0;
				GCC_PREPROCESSOR_DEFINITIONS = (
					"DEBUG=1",
					"$(inherited)",
				);
				GCC_SYMBOLS_PRIVATE_EXTERN = NO;
				GCC_WARN_64_TO_32_BIT_CONVERSION = YES;
				GCC_WARN_ABOUT_RETURN_TYPE = YES_ERROR;
				GCC_WARN_UNDECLARED_SELECTOR = YES;
				GCC_WARN_UNINITIALIZED_AUTOS = YES_AGGRESSIVE;
				GCC_WARN_UNUSED_FUNCTION = YES;
				GCC_WARN_UNUSED_VARIABLE = YES;
				IPHONEOS_DEPLOYMENT_TARGET = 8.1;
				MTL_ENABLE_DEBUG_INFO = YES;
				ONLY_ACTIVE_ARCH = YES;
				SDKROOT = iphoneos;
			};
			name = Debug;
		};
		859BBF481B8EFEC700C49E33 /* Release */ = {
			isa = XCBuildConfiguration;
			buildSettings = {
				ALWAYS_SEARCH_USER_PATHS = NO;
				CLANG_CXX_LANGUAGE_STANDARD = "gnu++0x";
				CLANG_CXX_LIBRARY = "libc++";
				CLANG_ENABLE_MODULES = YES;
				CLANG_ENABLE_OBJC_ARC = YES;
				CLANG_WARN_BOOL_CONVERSION = YES;
				CLANG_WARN_CONSTANT_CONVERSION = YES;
				CLANG_WARN_DIRECT_OBJC_ISA_USAGE = YES_ERROR;
				CLANG_WARN_EMPTY_BODY = YES;
				CLANG_WARN_ENUM_CONVERSION = YES;
				CLANG_WARN_INT_CONVERSION = YES;
				CLANG_WARN_OBJC_ROOT_CLASS = YES_ERROR;
				CLANG_WARN_UNREACHABLE_CODE = YES;
				CLANG_WARN__DUPLICATE_METHOD_MATCH = YES;
				"CODE_SIGN_IDENTITY[sdk=iphoneos*]" = "iPhone Developer";
				COPY_PHASE_STRIP = YES;
				ENABLE_NS_ASSERTIONS = NO;
				ENABLE_STRICT_OBJC_MSGSEND = YES;
				GCC_C_LANGUAGE_STANDARD = gnu99;
				GCC_WARN_64_TO_32_BIT_CONVERSION = YES;
				GCC_WARN_ABOUT_RETURN_TYPE = YES_ERROR;
				GCC_WARN_UNDECLARED_SELECTOR = YES;
				GCC_WARN_UNINITIALIZED_AUTOS = YES_AGGRESSIVE;
				GCC_WARN_UNUSED_FUNCTION = YES;
				GCC_WARN_UNUSED_VARIABLE = YES;
				IPHONEOS_DEPLOYMENT_TARGET = 8.1;
				MTL_ENABLE_DEBUG_INFO = NO;
				SDKROOT = iphoneos;
				VALIDATE_PRODUCT = YES;
			};
			name = Release;
		};
		859BBF4A1B8EFEC700C49E33 /* Debug */ = {
			isa = XCBuildConfiguration;
			buildSettings = {
				ASSETCATALOG_COMPILER_APPICON_NAME = AppIcon;
				INFOPLIST_FILE = Demo03_UMeng_Share/Info.plist;
				LD_RUNPATH_SEARCH_PATHS = "$(inherited) @executable_path/Frameworks";
				LIBRARY_SEARCH_PATHS = (
					"$(inherited)",
					"$(PROJECT_DIR)/Demo03_UMeng_Share/UMSocial_Sdk_4.2.3",
				);
				PRODUCT_NAME = "$(TARGET_NAME)";
			};
			name = Debug;
		};
		859BBF4B1B8EFEC700C49E33 /* Release */ = {
			isa = XCBuildConfiguration;
			buildSettings = {
				ASSETCATALOG_COMPILER_APPICON_NAME = AppIcon;
				INFOPLIST_FILE = Demo03_UMeng_Share/Info.plist;
				LD_RUNPATH_SEARCH_PATHS = "$(inherited) @executable_path/Frameworks";
				LIBRARY_SEARCH_PATHS = (
					"$(inherited)",
					"$(PROJECT_DIR)/Demo03_UMeng_Share/UMSocial_Sdk_4.2.3",
				);
				PRODUCT_NAME = "$(TARGET_NAME)";
			};
			name = Release;
		};
		859BBF4D1B8EFEC700C49E33 /* Debug */ = {
			isa = XCBuildConfiguration;
			buildSettings = {
				BUNDLE_LOADER = "$(TEST_HOST)";
				FRAMEWORK_SEARCH_PATHS = (
					"$(SDKROOT)/Developer/Library/Frameworks",
					"$(inherited)",
				);
				GCC_PREPROCESSOR_DEFINITIONS = (
					"DEBUG=1",
					"$(inherited)",
				);
				INFOPLIST_FILE = Demo03_UMeng_ShareTests/Info.plist;
				LD_RUNPATH_SEARCH_PATHS = "$(inherited) @executable_path/Frameworks @loader_path/Frameworks";
				PRODUCT_NAME = "$(TARGET_NAME)";
				TEST_HOST = "$(BUILT_PRODUCTS_DIR)/Demo03_UMeng_Share.app/Demo03_UMeng_Share";
			};
			name = Debug;
		};
		859BBF4E1B8EFEC700C49E33 /* Release */ = {
			isa = XCBuildConfiguration;
			buildSettings = {
				BUNDLE_LOADER = "$(TEST_HOST)";
				FRAMEWORK_SEARCH_PATHS = (
					"$(SDKROOT)/Developer/Library/Frameworks",
					"$(inherited)",
				);
				INFOPLIST_FILE = Demo03_UMeng_ShareTests/Info.plist;
				LD_RUNPATH_SEARCH_PATHS = "$(inherited) @executable_path/Frameworks @loader_path/Frameworks";
				PRODUCT_NAME = "$(TARGET_NAME)";
				TEST_HOST = "$(BUILT_PRODUCTS_DIR)/Demo03_UMeng_Share.app/Demo03_UMeng_Share";
			};
			name = Release;
		};
/* End XCBuildConfiguration section */

/* Begin XCConfigurationList section */
		859BBF211B8EFEC700C49E33 /* Build configuration list for PBXProject "Demo03_UMeng_Share" */ = {
			isa = XCConfigurationList;
			buildConfigurations = (
				859BBF471B8EFEC700C49E33 /* Debug */,
				859BBF481B8EFEC700C49E33 /* Release */,
			);
			defaultConfigurationIsVisible = 0;
			defaultConfigurationName = Release;
		};
		859BBF491B8EFEC700C49E33 /* Build configuration list for PBXNativeTarget "Demo03_UMeng_Share" */ = {
			isa = XCConfigurationList;
			buildConfigurations = (
				859BBF4A1B8EFEC700C49E33 /* Debug */,
				859BBF4B1B8EFEC700C49E33 /* Release */,
			);
			defaultConfigurationIsVisible = 0;
		};
		859BBF4C1B8EFEC700C49E33 /* Build configuration list for PBXNativeTarget "Demo03_UMeng_ShareTests" */ = {
			isa = XCConfigurationList;
			buildConfigurations = (
				859BBF4D1B8EFEC700C49E33 /* Debug */,
				859BBF4E1B8EFEC700C49E33 /* Release */,
			);
			defaultConfigurationIsVisible = 0;
		};
/* End XCConfigurationList section */
	};
	rootObject = 859BBF1E1B8EFEC700C49E33 /* Project object */;
}
