// !$*UTF8*$!
{
	archiveVersion = 1;
	classes = {
	};
	objectVersion = 46;
	objects = {

/* Begin PBXBuildFile section */
		85EFD1FD1B9430210048B658 /* main.m in Sources */ = {isa = PBXBuildFile; fileRef = 85EFD1FC1B9430210048B658 /* main.m */; };
		85EFD2001B9430210048B658 /* AppDelegate.m in Sources */ = {isa = PBXBuildFile; fileRef = 85EFD1FF1B9430210048B658 /* AppDelegate.m */; };
		85EFD2031B9430210048B658 /* ViewController.m in Sources */ = {isa = PBXBuildFile; fileRef = 85EFD2021B9430210048B658 /* ViewController.m */; };
		85EFD2061B9430210048B658 /* Main.storyboard in Resources */ = {isa = PBXBuildFile; fileRef = 85EFD2041B9430210048B658 /* Main.storyboard */; };
		85EFD2081B9430210048B658 /* Images.xcassets in Resources */ = {isa = PBXBuildFile; fileRef = 85EFD2071B9430210048B658 /* Images.xcassets */; };
		85EFD20B1B9430210048B658 /* LaunchScreen.xib in Resources */ = {isa = PBXBuildFile; fileRef = 85EFD2091B9430210048B658 /* LaunchScreen.xib */; };
		85EFD2171B9430220048B658 /* ___Tests.m in Sources */ = {isa = PBXBuildFile; fileRef = 85EFD2161B9430220048B658 /* ___Tests.m */; };
/* End PBXBuildFile section */

/* Begin PBXContainerItemProxy section */
		85EFD2111B9430220048B658 /* PBXContainerItemProxy */ = {
			isa = PBXContainerItemProxy;
			containerPortal = 85EFD1EF1B9430210048B658 /* Project object */;
			proxyType = 1;
			remoteGlobalIDString = 85EFD1F61B9430210048B658;
			remoteInfo = "摇一摇";
		};
/* End PBXContainerItemProxy section */

/* Begin PBXFileReference section */
		85EFD1F71B9430210048B658 /* 摇一摇.app */ = {isa = PBXFileReference; explicitFileType = wrapper.application; includeInIndex = 0; path = "摇一摇.app"; sourceTree = BUILT_PRODUCTS_DIR; };
		85EFD1FB1B9430210048B658 /* Info.plist */ = {isa = PBXFileReference; lastKnownFileType = text.plist.xml; path = Info.plist; sourceTree = "<group>"; };
		85EFD1FC1B9430210048B658 /* main.m */ = {isa = PBXFileReference; lastKnownFileType = sourcecode.c.objc; path = main.m; sourceTree = "<group>"; };
		85EFD1FE1B9430210048B658 /* AppDelegate.h */ = {isa = PBXFileReference; lastKnownFileType = sourcecode.c.h; path = AppDelegate.h; sourceTree = "<group>"; };
		85EFD1FF1B9430210048B658 /* AppDelegate.m */ = {isa = PBXFileReference; lastKnownFileType = sourcecode.c.objc; path = AppDelegate.m; sourceTree = "<group>"; };
		85EFD2011B9430210048B658 /* ViewController.h */ = {isa = PBXFileReference; lastKnownFileType = sourcecode.c.h; path = ViewController.h; sourceTree = "<group>"; };
		85EFD2021B9430210048B658 /* ViewController.m */ = {isa = PBXFileReference; lastKnownFileType = sourcecode.c.objc; path = ViewController.m; sourceTree = "<group>"; };
		85EFD2051B9430210048B658 /* Base */ = {isa = PBXFileReference; lastKnownFileType = file.storyboard; name = Base; path = Base.lproj/Main.storyboard; sourceTree = "<group>"; };
		85EFD2071B9430210048B658 /* Images.xcassets */ = {isa = PBXFileReference; lastKnownFileType = folder.assetcatalog; path = Images.xcassets; sourceTree = "<group>"; };
		85EFD20A1B9430210048B658 /* Base */ = {isa = PBXFileReference; lastKnownFileType = file.xib; name = Base; path = Base.lproj/LaunchScreen.xib; sourceTree = "<group>"; };
		85EFD2101B9430220048B658 /* 摇一摇Tests.xctest */ = {isa = PBXFileReference; explicitFileType = wrapper.cfbundle; includeInIndex = 0; path = "摇一摇Tests.xctest"; sourceTree = BUILT_PRODUCTS_DIR; };
		85EFD2151B9430220048B658 /* Info.plist */ = {isa = PBXFileReference; lastKnownFileType = text.plist.xml; path = Info.plist; sourceTree = "<group>"; };
		85EFD2161B9430220048B658 /* ___Tests.m */ = {isa = PBXFileReference; lastKnownFileType = sourcecode.c.objc; path = "___Tests.m"; sourceTree = "<group>"; };
/* End PBXFileReference section */

/* Begin PBXFrameworksBuildPhase section */
		85EFD1F41B9430210048B658 /* Frameworks */ = {
			isa = PBXFrameworksBuildPhase;
			buildActionMask = 2147483647;
			files = (
			);
			runOnlyForDeploymentPostprocessing = 0;
		};
		85EFD20D1B9430220048B658 /* Frameworks */ = {
			isa = PBXFrameworksBuildPhase;
			buildActionMask = 2147483647;
			files = (
			);
			runOnlyForDeploymentPostprocessing = 0;
		};
/* End PBXFrameworksBuildPhase section */

/* Begin PBXGroup section */
		85EFD1EE1B9430210048B658 = {
			isa = PBXGroup;
			children = (
				85EFD1F91B9430210048B658 /* 摇一摇 */,
				85EFD2131B9430220048B658 /* 摇一摇Tests */,
				85EFD1F81B9430210048B658 /* Products */,
			);
			sourceTree = "<group>";
		};
		85EFD1F81B9430210048B658 /* Products */ = {
			isa = PBXGroup;
			children = (
				85EFD1F71B9430210048B658 /* 摇一摇.app */,
				85EFD2101B9430220048B658 /* 摇一摇Tests.xctest */,
			);
			name = Products;
			sourceTree = "<group>";
		};
		85EFD1F91B9430210048B658 /* 摇一摇 */ = {
			isa = PBXGroup;
			children = (
				85EFD1FE1B9430210048B658 /* AppDelegate.h */,
				85EFD1FF1B9430210048B658 /* AppDelegate.m */,
				85EFD2011B9430210048B658 /* ViewController.h */,
				85EFD2021B9430210048B658 /* ViewController.m */,
				85EFD2041B9430210048B658 /* Main.storyboard */,
				85EFD2071B9430210048B658 /* Images.xcassets */,
				85EFD2091B9430210048B658 /* LaunchScreen.xib */,
				85EFD1FA1B9430210048B658 /* Supporting Files */,
			);
			path = "摇一摇";
			sourceTree = "<group>";
		};
		85EFD1FA1B9430210048B658 /* Supporting Files */ = {
			isa = PBXGroup;
			children = (
				85EFD1FB1B9430210048B658 /* Info.plist */,
				85EFD1FC1B9430210048B658 /* main.m */,
			);
			name = "Supporting Files";
			sourceTree = "<group>";
		};
		85EFD2131B9430220048B658 /* 摇一摇Tests */ = {
			isa = PBXGroup;
			children = (
				85EFD2161B9430220048B658 /* ___Tests.m */,
				85EFD2141B9430220048B658 /* Supporting Files */,
			);
			path = "摇一摇Tests";
			sourceTree = "<group>";
		};
		85EFD2141B9430220048B658 /* Supporting Files */ = {
			isa = PBXGroup;
			children = (
				85EFD2151B9430220048B658 /* Info.plist */,
			);
			name = "Supporting Files";
			sourceTree = "<group>";
		};
/* End PBXGroup section */

/* Begin PBXNativeTarget section */
		85EFD1F61B9430210048B658 /* 摇一摇 */ = {
			isa = PBXNativeTarget;
			buildConfigurationList = 85EFD21A1B9430220048B658 /* Build configuration list for PBXNativeTarget "摇一摇" */;
			buildPhases = (
				85EFD1F31B9430210048B658 /* Sources */,
				85EFD1F41B9430210048B658 /* Frameworks */,
				85EFD1F51B9430210048B658 /* Resources */,
			);
			buildRules = (
			);
			dependencies = (
			);
			name = "摇一摇";
			productName = "摇一摇";
			productReference = 85EFD1F71B9430210048B658 /* 摇一摇.app */;
			productType = "com.apple.product-type.application";
		};
		85EFD20F1B9430220048B658 /* 摇一摇Tests */ = {
			isa = PBXNativeTarget;
			buildConfigurationList = 85EFD21D1B9430220048B658 /* Build configuration list for PBXNativeTarget "摇一摇Tests" */;
			buildPhases = (
				85EFD20C1B9430220048B658 /* Sources */,
				85EFD20D1B9430220048B658 /* Frameworks */,
				85EFD20E1B9430220048B658 /* Resources */,
			);
			buildRules = (
			);
			dependencies = (
				85EFD2121B9430220048B658 /* PBXTargetDependency */,
			);
			name = "摇一摇Tests";
			productName = "摇一摇Tests";
			productReference = 85EFD2101B9430220048B658 /* 摇一摇Tests.xctest */;
			productType = "com.apple.product-type.bundle.unit-test";
		};
/* End PBXNativeTarget section */

/* Begin PBXProject section */
		85EFD1EF1B9430210048B658 /* Project object */ = {
			isa = PBXProject;
			attributes = {
				LastUpgradeCheck = 0610;
				ORGANIZATIONNAME = tarena;
				TargetAttributes = {
					85EFD1F61B9430210048B658 = {
						CreatedOnToolsVersion = 6.1;
					};
					85EFD20F1B9430220048B658 = {
						CreatedOnToolsVersion = 6.1;
						TestTargetID = 85EFD1F61B9430210048B658;
					};
				};
			};
			buildConfigurationList = 85EFD1F21B9430210048B658 /* Build configuration list for PBXProject "摇一摇" */;
			compatibilityVersion = "Xcode 3.2";
			developmentRegion = English;
			hasScannedForEncodings = 0;
			knownRegions = (
				en,
				Base,
			);
			mainGroup = 85EFD1EE1B9430210048B658;
			productRefGroup = 85EFD1F81B9430210048B658 /* Products */;
			projectDirPath = "";
			projectRoot = "";
			targets = (
				85EFD1F61B9430210048B658 /* 摇一摇 */,
				85EFD20F1B9430220048B658 /* 摇一摇Tests */,
			);
		};
/* End PBXProject section */

/* Begin PBXResourcesBuildPhase section */
		85EFD1F51B9430210048B658 /* Resources */ = {
			isa = PBXResourcesBuildPhase;
			buildActionMask = 2147483647;
			files = (
				85EFD2061B9430210048B658 /* Main.storyboard in Resources */,
				85EFD20B1B9430210048B658 /* LaunchScreen.xib in Resources */,
				85EFD2081B9430210048B658 /* Images.xcassets in Resources */,
			);
			runOnlyForDeploymentPostprocessing = 0;
		};
		85EFD20E1B9430220048B658 /* Resources */ = {
			isa = PBXResourcesBuildPhase;
			buildActionMask = 2147483647;
			files = (
			);
			runOnlyForDeploymentPostprocessing = 0;
		};
/* End PBXResourcesBuildPhase section */

/* Begin PBXSourcesBuildPhase section */
		85EFD1F31B9430210048B658 /* Sources */ = {
			isa = PBXSourcesBuildPhase;
			buildActionMask = 2147483647;
			files = (
				85EFD2031B9430210048B658 /* ViewController.m in Sources */,
				85EFD2001B9430210048B658 /* AppDelegate.m in Sources */,
				85EFD1FD1B9430210048B658 /* main.m in Sources */,
			);
			runOnlyForDeploymentPostprocessing = 0;
		};
		85EFD20C1B9430220048B658 /* Sources */ = {
			isa = PBXSourcesBuildPhase;
			buildActionMask = 2147483647;
			files = (
				85EFD2171B9430220048B658 /* ___Tests.m in Sources */,
			);
			runOnlyForDeploymentPostprocessing = 0;
		};
/* End PBXSourcesBuildPhase section */

/* Begin PBXTargetDependency section */
		85EFD2121B9430220048B658 /* PBXTargetDependency */ = {
			isa = PBXTargetDependency;
			target = 85EFD1F61B9430210048B658 /* 摇一摇 */;
			targetProxy = 85EFD2111B9430220048B658 /* PBXContainerItemProxy */;
		};
/* End PBXTargetDependency section */

/* Begin PBXVariantGroup section */
		85EFD2041B9430210048B658 /* Main.storyboard */ = {
			isa = PBXVariantGroup;
			children = (
				85EFD2051B9430210048B658 /* Base */,
			);
			name = Main.storyboard;
			sourceTree = "<group>";
		};
		85EFD2091B9430210048B658 /* LaunchScreen.xib */ = {
			isa = PBXVariantGroup;
			children = (
				85EFD20A1B9430210048B658 /* Base */,
			);
			name = LaunchScreen.xib;
			sourceTree = "<group>";
		};
/* End PBXVariantGroup section */

/* Begin XCBuildConfiguration section */
		85EFD2181B9430220048B658 /* Debug */ = {
			isa = XCBuildConfiguration;
			buildSettings = {
				ALWAYS_SEARCH_USER_PATHS = NO;
				CLANG_CXX_LANGUAGE_STANDARD = "gnu++0x";
				CLANG_CXX_LIBRARY = "libc++";
				CLANG_ENABLE_MODULES = YES;
				CLANG_ENABLE_OBJC_ARC = YES;
				CLANG_WARN_BOOL_CONVERSION = YES;
				CLANG_WARN_CONSTANT_CONVERSION = YES;
				CLANG_WARN_DIRECT_OBJC_ISA_USAGE = YES_ERROR;
				CLANG_WARN_EMPTY_BODY = YES;
				CLANG_WARN_ENUM_CONVERSION = YES;
				CLANG_WARN_INT_CONVERSION = YES;
				CLANG_WARN_OBJC_ROOT_CLASS = YES_ERROR;
				CLANG_WARN_UNREACHABLE_CODE = YES;
				CLANG_WARN__DUPLICATE_METHOD_MATCH = YES;
				"CODE_SIGN_IDENTITY[sdk=iphoneos*]" = "iPhone Developer";
				COPY_PHASE_STRIP = NO;
				ENABLE_STRICT_OBJC_MSGSEND = YES;
				GCC_C_LANGUAGE_STANDARD = gnu99;
				GCC_DYNAMIC_NO_PIC = NO;
				GCC_OPTIMIZATION_LEVEL = 0;
				GCC_PREPROCESSOR_DEFINITIONS = (
					"DEBUG=1",
					"$(inherited)",
				);
				GCC_SYMBOLS_PRIVATE_EXTERN = NO;
				GCC_WARN_64_TO_32_BIT_CONVERSION = YES;
				GCC_WARN_ABOUT_RETURN_TYPE = YES_ERROR;
				GCC_WARN_UNDECLARED_SELECTOR = YES;
				GCC_WARN_UNINITIALIZED_AUTOS = YES_AGGRESSIVE;
				GCC_WARN_UNUSED_FUNCTION = YES;
				GCC_WARN_UNUSED_VARIABLE = YES;
				IPHONEOS_DEPLOYMENT_TARGET = 8.1;
				MTL_ENABLE_DEBUG_INFO = YES;
				ONLY_ACTIVE_ARCH = YES;
				SDKROOT = iphoneos;
			};
			name = Debug;
		};
		85EFD2191B9430220048B658 /* Release */ = {
			isa = XCBuildConfiguration;
			buildSettings = {
				ALWAYS_SEARCH_USER_PATHS = NO;
				CLANG_CXX_LANGUAGE_STANDARD = "gnu++0x";
				CLANG_CXX_LIBRARY = "libc++";
				CLANG_ENABLE_MODULES = YES;
				CLANG_ENABLE_OBJC_ARC = YES;
				CLANG_WARN_BOOL_CONVERSION = YES;
				CLANG_WARN_CONSTANT_CONVERSION = YES;
				CLANG_WARN_DIRECT_OBJC_ISA_USAGE = YES_ERROR;
				CLANG_WARN_EMPTY_BODY = YES;
				CLANG_WARN_ENUM_CONVERSION = YES;
				CLANG_WARN_INT_CONVERSION = YES;
				CLANG_WARN_OBJC_ROOT_CLASS = YES_ERROR;
				CLANG_WARN_UNREACHABLE_CODE = YES;
				CLANG_WARN__DUPLICATE_METHOD_MATCH = YES;
				"CODE_SIGN_IDENTITY[sdk=iphoneos*]" = "iPhone Developer";
				COPY_PHASE_STRIP = YES;
				ENABLE_NS_ASSERTIONS = NO;
				ENABLE_STRICT_OBJC_MSGSEND = YES;
				GCC_C_LANGUAGE_STANDARD = gnu99;
				GCC_WARN_64_TO_32_BIT_CONVERSION = YES;
				GCC_WARN_ABOUT_RETURN_TYPE = YES_ERROR;
				GCC_WARN_UNDECLARED_SELECTOR = YES;
				GCC_WARN_UNINITIALIZED_AUTOS = YES_AGGRESSIVE;
				GCC_WARN_UNUSED_FUNCTION = YES;
				GCC_WARN_UNUSED_VARIABLE = YES;
				IPHONEOS_DEPLOYMENT_TARGET = 8.1;
				MTL_ENABLE_DEBUG_INFO = NO;
				SDKROOT = iphoneos;
				VALIDATE_PRODUCT = YES;
			};
			name = Release;
		};
		85EFD21B1B9430220048B658 /* Debug */ = {
			isa = XCBuildConfiguration;
			buildSettings = {
				ASSETCATALOG_COMPILER_APPICON_NAME = AppIcon;
				INFOPLIST_FILE = "摇一摇/Info.plist";
				LD_RUNPATH_SEARCH_PATHS = "$(inherited) @executable_path/Frameworks";
				PRODUCT_NAME = "$(TARGET_NAME)";
			};
			name = Debug;
		};
		85EFD21C1B9430220048B658 /* Release */ = {
			isa = XCBuildConfiguration;
			buildSettings = {
				ASSETCATALOG_COMPILER_APPICON_NAME = AppIcon;
				INFOPLIST_FILE = "摇一摇/Info.plist";
				LD_RUNPATH_SEARCH_PATHS = "$(inherited) @executable_path/Frameworks";
				PRODUCT_NAME = "$(TARGET_NAME)";
			};
			name = Release;
		};
		85EFD21E1B9430220048B658 /* Debug */ = {
			isa = XCBuildConfiguration;
			buildSettings = {
				BUNDLE_LOADER = "$(TEST_HOST)";
				FRAMEWORK_SEARCH_PATHS = (
					"$(SDKROOT)/Developer/Library/Frameworks",
					"$(inherited)",
				);
				GCC_PREPROCESSOR_DEFINITIONS = (
					"DEBUG=1",
					"$(inherited)",
				);
				INFOPLIST_FILE = "摇一摇Tests/Info.plist";
				LD_RUNPATH_SEARCH_PATHS = "$(inherited) @executable_path/Frameworks @loader_path/Frameworks";
				PRODUCT_NAME = "$(TARGET_NAME)";
				TEST_HOST = "$(BUILT_PRODUCTS_DIR)/摇一摇.app/摇一摇";
			};
			name = Debug;
		};
		85EFD21F1B9430220048B658 /* Release */ = {
			isa = XCBuildConfiguration;
			buildSettings = {
				BUNDLE_LOADER = "$(TEST_HOST)";
				FRAMEWORK_SEARCH_PATHS = (
					"$(SDKROOT)/Developer/Library/Frameworks",
					"$(inherited)",
				);
				INFOPLIST_FILE = "摇一摇Tests/Info.plist";
				LD_RUNPATH_SEARCH_PATHS = "$(inherited) @executable_path/Frameworks @loader_path/Frameworks";
				PRODUCT_NAME = "$(TARGET_NAME)";
				TEST_HOST = "$(BUILT_PRODUCTS_DIR)/摇一摇.app/摇一摇";
			};
			name = Release;
		};
/* End XCBuildConfiguration section */

/* Begin XCConfigurationList section */
		85EFD1F21B9430210048B658 /* Build configuration list for PBXProject "摇一摇" */ = {
			isa = XCConfigurationList;
			buildConfigurations = (
				85EFD2181B9430220048B658 /* Debug */,
				85EFD2191B9430220048B658 /* Release */,
			);
			defaultConfigurationIsVisible = 0;
			defaultConfigurationName = Release;
		};
		85EFD21A1B9430220048B658 /* Build configuration list for PBXNativeTarget "摇一摇" */ = {
			isa = XCConfigurationList;
			buildConfigurations = (
				85EFD21B1B9430220048B658 /* Debug */,
				85EFD21C1B9430220048B658 /* Release */,
			);
			defaultConfigurationIsVisible = 0;
		};
		85EFD21D1B9430220048B658 /* Build configuration list for PBXNativeTarget "摇一摇Tests" */ = {
			isa = XCConfigurationList;
			buildConfigurations = (
				85EFD21E1B9430220048B658 /* Debug */,
				85EFD21F1B9430220048B658 /* Release */,
			);
			defaultConfigurationIsVisible = 0;
		};
/* End XCConfigurationList section */
	};
	rootObject = 85EFD1EF1B9430210048B658 /* Project object */;
}
